
Microsoft Visual Studio Solution File, Format Version 12.00
# Visual Studio Version 17
VisualStudioVersion = 17.14.36518.9 d17.14
MinimumVisualStudioVersion = 10.0.40219.1
Project("{FAE04EC0-301F-11D3-BF4B-00C04F79EFBC}") = "mimicXml", "mimicXml\mimicXml.csproj", "{379569D3-39E0-4EA1-ACBE-B84DF9DB4D1D}"
EndProject
Project("{FAE04EC0-301F-11D3-BF4B-00C04F79EFBC}") = "Core", "Core\Core.csproj", "{3EE12020-3AA1-494B-923A-CEF5C7BB7C8B}"
EndProject
Global
	GlobalSection(SolutionConfigurationPlatforms) = preSolution
		Debug|Any CPU = Debug|Any CPU
		Release|Any CPU = Release|Any CPU
	EndGlobalSection
	GlobalSection(ProjectConfigurationPlatforms) = postSolution
		{379569D3-39E0-4EA1-ACBE-B84DF9DB4D1D}.Debug|Any CPU.ActiveCfg = Debug|Any CPU
		{379569D3-39E0-4EA1-ACBE-B84DF9DB4D1D}.Debug|Any CPU.Build.0 = Debug|Any CPU
		{379569D3-39E0-4EA1-ACBE-B84DF9DB4D1D}.Release|Any CPU.ActiveCfg = Release|Any CPU
		{379569D3-39E0-4EA1-ACBE-B84DF9DB4D1D}.Release|Any CPU.Build.0 = Release|Any CPU
		{3EE12020-3AA1-494B-923A-CEF5C7BB7C8B}.Debug|Any CPU.ActiveCfg = Debug|Any CPU
		{3EE12020-3AA1-494B-923A-CEF5C7BB7C8B}.Debug|Any CPU.Build.0 = Debug|Any CPU
		{3EE12020-3AA1-494B-923A-CEF5C7BB7C8B}.Release|Any CPU.ActiveCfg = Release|Any CPU
		{3EE12020-3AA1-494B-923A-CEF5C7BB7C8B}.Release|Any CPU.Build.0 = Release|Any CPU
	EndGlobalSection
	GlobalSection(SolutionProperties) = preSolution
		HideSolutionNode = FALSE
	EndGlobalSection
	GlobalSection(ExtensibilityGlobals) = postSolution
		SolutionGuid = {CA9D6AD3-AC0E-40BC-902E-AED41D02C31C}
	EndGlobalSection
EndGlobal
